{
	"name": "npm1_zcvadfaa",
	"version": "0.1.15-beta.0",
	"lockfileVersion": 1,
	"requires": true,
	"dependencies": {
		"axios": {
			"version": "0.21.0",
			"resolved": "http://bnpm.byted.org/axios/-/axios-0.21.0.tgz",
			"integrity": "sha1-Jt8IiAOiNQ3/LCf5b++Z/klEKso=",
			"requires": {
				"follow-redirects": "^1.10.0"
			}
		},
		"follow-redirects": {
			"version": "1.13.1",
			"resolved": "http://bnpm.byted.org/follow-redirects/-/follow-redirects-1.13.1.tgz",
			"integrity": "sha1-X2m4Ezds7k/QR0o6uoNd8Eq3Y7c="
		}
	}
}
